// !$*UTF8*$!
{
	archiveVersion = 1;
	classes = {
	};
	objectVersion = 56;
	objects = {

/* Begin PBXBuildFile section */
		460005292A42C5E5001A1031 /* User.swift in Sources */ = {isa = PBXBuildFile; fileRef = 460005282A42C5E5001A1031 /* User.swift */; };
		465E6AB02A2D378B00116D47 /* AppDelegate.swift in Sources */ = {isa = PBXBuildFile; fileRef = 465E6AAF2A2D378B00116D47 /* AppDelegate.swift */; };
		465E6AB22A2D378B00116D47 /* SceneDelegate.swift in Sources */ = {isa = PBXBuildFile; fileRef = 465E6AB12A2D378B00116D47 /* SceneDelegate.swift */; };
		465E6AB42A2D378B00116D47 /* LogInViewController.swift in Sources */ = {isa = PBXBuildFile; fileRef = 465E6AB32A2D378B00116D47 /* LogInViewController.swift */; };
		465E6AB72A2D378B00116D47 /* Main.storyboard in Resources */ = {isa = PBXBuildFile; fileRef = 465E6AB52A2D378B00116D47 /* Main.storyboard */; };
		465E6AB92A2D378C00116D47 /* Assets.xcassets in Resources */ = {isa = PBXBuildFile; fileRef = 465E6AB82A2D378C00116D47 /* Assets.xcassets */; };
		465E6ABC2A2D378C00116D47 /* LaunchScreen.storyboard in Resources */ = {isa = PBXBuildFile; fileRef = 465E6ABA2A2D378C00116D47 /* LaunchScreen.storyboard */; };
		46BAC3CC2A4228EF0015F28D /* UserInfoViewController.swift in Sources */ = {isa = PBXBuildFile; fileRef = 46BAC3CB2A4228EF0015F28D /* UserInfoViewController.swift */; };
		46BAC3CE2A4230760015F28D /* UserBioViewController.swift in Sources */ = {isa = PBXBuildFile; fileRef = 46BAC3CD2A4230760015F28D /* UserBioViewController.swift */; };
		46F406B92A2E680600DB3610 /* WelcomeViewController.swift in Sources */ = {isa = PBXBuildFile; fileRef = 46F406B82A2E680600DB3610 /* WelcomeViewController.swift */; };
/* End PBXBuildFile section */

/* Begin PBXFileReference section */
		460005282A42C5E5001A1031 /* User.swift */ = {isa = PBXFileReference; lastKnownFileType = sourcecode.swift; path = User.swift; sourceTree = "<group>"; };
		465E6AAC2A2D378B00116D47 /* LogInApp.app */ = {isa = PBXFileReference; explicitFileType = wrapper.application; includeInIndex = 0; path = LogInApp.app; sourceTree = BUILT_PRODUCTS_DIR; };
		465E6AAF2A2D378B00116D47 /* AppDelegate.swift */ = {isa = PBXFileReference; lastKnownFileType = sourcecode.swift; path = AppDelegate.swift; sourceTree = "<group>"; };
		465E6AB12A2D378B00116D47 /* SceneDelegate.swift */ = {isa = PBXFileReference; lastKnownFileType = sourcecode.swift; path = SceneDelegate.swift; sourceTree = "<group>"; };
		465E6AB32A2D378B00116D47 /* LogInViewController.swift */ = {isa = PBXFileReference; lastKnownFileType = sourcecode.swift; path = LogInViewController.swift; sourceTree = "<group>"; };
		465E6AB62A2D378B00116D47 /* Base */ = {isa = PBXFileReference; lastKnownFileType = file.storyboard; name = Base; path = Base.lproj/Main.storyboard; sourceTree = "<group>"; };
		465E6AB82A2D378C00116D47 /* Assets.xcassets */ = {isa = PBXFileReference; lastKnownFileType = folder.assetcatalog; path = Assets.xcassets; sourceTree = "<group>"; };
		465E6ABB2A2D378C00116D47 /* Base */ = {isa = PBXFileReference; lastKnownFileType = file.storyboard; name = Base; path = Base.lproj/LaunchScreen.storyboard; sourceTree = "<group>"; };
		465E6ABD2A2D378C00116D47 /* Info.plist */ = {isa = PBXFileReference; lastKnownFileType = text.plist.xml; path = Info.plist; sourceTree = "<group>"; };
		46BAC3CB2A4228EF0015F28D /* UserInfoViewController.swift */ = {isa = PBXFileReference; lastKnownFileType = sourcecode.swift; path = UserInfoViewController.swift; sourceTree = "<group>"; };
		46BAC3CD2A4230760015F28D /* UserBioViewController.swift */ = {isa = PBXFileReference; lastKnownFileType = sourcecode.swift; path = UserBioViewController.swift; sourceTree = "<group>"; };
		46F406B82A2E680600DB3610 /* WelcomeViewController.swift */ = {isa = PBXFileReference; lastKnownFileType = sourcecode.swift; path = WelcomeViewController.swift; sourceTree = "<group>"; };
/* End PBXFileReference section */

/* Begin PBXFrameworksBuildPhase section */
		465E6AA92A2D378B00116D47 /* Frameworks */ = {
			isa = PBXFrameworksBuildPhase;
			buildActionMask = 2147483647;
			files = (
			);
			runOnlyForDeploymentPostprocessing = 0;
		};
/* End PBXFrameworksBuildPhase section */

/* Begin PBXGroup section */
		460005272A42C5C5001A1031 /* Models */ = {
			isa = PBXGroup;
			children = (
				460005282A42C5E5001A1031 /* User.swift */,
			);
			path = Models;
			sourceTree = "<group>";
		};
		465E6AA32A2D378B00116D47 = {
			isa = PBXGroup;
			children = (
				465E6AAE2A2D378B00116D47 /* LogInApp */,
				465E6AAD2A2D378B00116D47 /* Products */,
			);
			sourceTree = "<group>";
		};
		465E6AAD2A2D378B00116D47 /* Products */ = {
			isa = PBXGroup;
			children = (
				465E6AAC2A2D378B00116D47 /* LogInApp.app */,
			);
			name = Products;
			sourceTree = "<group>";
		};
		465E6AAE2A2D378B00116D47 /* LogInApp */ = {
			isa = PBXGroup;
			children = (
				460005272A42C5C5001A1031 /* Models */,
				46BAC3CA2A41EF090015F28D /* App */,
				46BAC3C82A41EEAD0015F28D /* ViewControllers */,
				46BAC3C92A41EEE00015F28D /* Storyboards */,
				465E6AB82A2D378C00116D47 /* Assets.xcassets */,
			);
			path = LogInApp;
			sourceTree = "<group>";
		};
		46BAC3C82A41EEAD0015F28D /* ViewControllers */ = {
			isa = PBXGroup;
			children = (
				465E6AB32A2D378B00116D47 /* LogInViewController.swift */,
				46F406B82A2E680600DB3610 /* WelcomeViewController.swift */,
				46BAC3CB2A4228EF0015F28D /* UserInfoViewController.swift */,
				46BAC3CD2A4230760015F28D /* UserBioViewController.swift */,
			);
			path = ViewControllers;
			sourceTree = "<group>";
		};
		46BAC3C92A41EEE00015F28D /* Storyboards */ = {
			isa = PBXGroup;
			children = (
				465E6AB52A2D378B00116D47 /* Main.storyboard */,
				465E6ABA2A2D378C00116D47 /* LaunchScreen.storyboard */,
			);
			path = Storyboards;
			sourceTree = "<group>";
		};
		46BAC3CA2A41EF090015F28D /* App */ = {
			isa = PBXGroup;
			children = (
				465E6AAF2A2D378B00116D47 /* AppDelegate.swift */,
				465E6AB12A2D378B00116D47 /* SceneDelegate.swift */,
				465E6ABD2A2D378C00116D47 /* Info.plist */,
			);
			path = App;
			sourceTree = "<group>";
		};
/* End PBXGroup section */

/* Begin PBXNativeTarget section */
		465E6AAB2A2D378B00116D47 /* LogInApp */ = {
			isa = PBXNativeTarget;
			buildConfigurationList = 465E6AC02A2D378C00116D47 /* Build configuration list for PBXNativeTarget "LogInApp" */;
			buildPhases = (
				465E6AA82A2D378B00116D47 /* Sources */,
				465E6AA92A2D378B00116D47 /* Frameworks */,
				465E6AAA2A2D378B00116D47 /* Resources */,
			);
			buildRules = (
			);
			dependencies = (
			);
			name = LogInApp;
			productName = LogInApp;
			productReference = 465E6AAC2A2D378B00116D47 /* LogInApp.app */;
			productType = "com.apple.product-type.application";
		};
/* End PBXNativeTarget section */

/* Begin PBXProject section */
		465E6AA42A2D378B00116D47 /* Project object */ = {
			isa = PBXProject;
			attributes = {
				BuildIndependentTargetsInParallel = 1;
				LastSwiftUpdateCheck = 1430;
				LastUpgradeCheck = 1430;
				TargetAttributes = {
					465E6AAB2A2D378B00116D47 = {
						CreatedOnToolsVersion = 14.3;
					};
				};
			};
			buildConfigurationList = 465E6AA72A2D378B00116D47 /* Build configuration list for PBXProject "LogInApp" */;
			compatibilityVersion = "Xcode 14.0";
			developmentRegion = en;
			hasScannedForEncodings = 0;
			knownRegions = (
				en,
				Base,
			);
			mainGroup = 465E6AA32A2D378B00116D47;
			productRefGroup = 465E6AAD2A2D378B00116D47 /* Products */;
			projectDirPath = "";
			projectRoot = "";
			targets = (
				465E6AAB2A2D378B00116D47 /* LogInApp */,
			);
		};
/* End PBXProject section */

/* Begin PBXResourcesBuildPhase section */
		465E6AAA2A2D378B00116D47 /* Resources */ = {
			isa = PBXResourcesBuildPhase;
			buildActionMask = 2147483647;
			files = (
				465E6ABC2A2D378C00116D47 /* LaunchScreen.storyboard in Resources */,
				465E6AB92A2D378C00116D47 /* Assets.xcassets in Resources */,
				465E6AB72A2D378B00116D47 /* Main.storyboard in Resources */,
			);
			runOnlyForDeploymentPostprocessing = 0;
		};
/* End PBXResourcesBuildPhase section */

/* Begin PBXSourcesBuildPhase section */
		465E6AA82A2D378B00116D47 /* Sources */ = {
			isa = PBXSourcesBuildPhase;
			buildActionMask = 2147483647;
			files = (
				46BAC3CE2A4230760015F28D /* UserBioViewController.swift in Sources */,
				465E6AB42A2D378B00116D47 /* LogInViewController.swift in Sources */,
				46F406B92A2E680600DB3610 /* WelcomeViewController.swift in Sources */,
				46BAC3CC2A4228EF0015F28D /* UserInfoViewController.swift in Sources */,
				465E6AB02A2D378B00116D47 /* AppDelegate.swift in Sources */,
				465E6AB22A2D378B00116D47 /* SceneDelegate.swift in Sources */,
				460005292A42C5E5001A1031 /* User.swift in Sources */,
			);
			runOnlyForDeploymentPostprocessing = 0;
		};
/* End PBXSourcesBuildPhase section */

/* Begin PBXVariantGroup section */
		465E6AB52A2D378B00116D47 /* Main.storyboard */ = {
			isa = PBXVariantGroup;
			children = (
				465E6AB62A2D378B00116D47 /* Base */,
			);
			name = Main.storyboard;
			sourceTree = "<group>";
		};
		465E6ABA2A2D378C00116D47 /* LaunchScreen.storyboard */ = {
			isa = PBXVariantGroup;
			children = (
				465E6ABB2A2D378C00116D47 /* Base */,
			);
			name = LaunchScreen.storyboard;
			sourceTree = "<group>";
		};
/* End PBXVariantGroup section */

/* Begin XCBuildConfiguration section */
		465E6ABE2A2D378C00116D47 /* Debug */ = {
			isa = XCBuildConfiguration;
			buildSettings = {
				ALWAYS_SEARCH_USER_PATHS = NO;
				CLANG_ANALYZER_NONNULL = YES;
				CLANG_ANALYZER_NUMBER_OBJECT_CONVERSION = YES_AGGRESSIVE;
				CLANG_CXX_LANGUAGE_STANDARD = "gnu++20";
				CLANG_ENABLE_MODULES = YES;
				CLANG_ENABLE_OBJC_ARC = YES;
				CLANG_ENABLE_OBJC_WEAK = YES;
				CLANG_WARN_BLOCK_CAPTURE_AUTORELEASING = YES;
				CLANG_WARN_BOOL_CONVERSION = YES;
				CLANG_WARN_COMMA = YES;
				CLANG_WARN_CONSTANT_CONVERSION = YES;
				CLANG_WARN_DEPRECATED_OBJC_IMPLEMENTATIONS = YES;
				CLANG_WARN_DIRECT_OBJC_ISA_USAGE = YES_ERROR;
				CLANG_WARN_DOCUMENTATION_COMMENTS = YES;
				CLANG_WARN_EMPTY_BODY = YES;
				CLANG_WARN_ENUM_CONVERSION = YES;
				CLANG_WARN_INFINITE_RECURSION = YES;
				CLANG_WARN_INT_CONVERSION = YES;
				CLANG_WARN_NON_LITERAL_NULL_CONVERSION = YES;
				CLANG_WARN_OBJC_IMPLICIT_RETAIN_SELF = YES;
				CLANG_WARN_OBJC_LITERAL_CONVERSION = YES;
				CLANG_WARN_OBJC_ROOT_CLASS = YES_ERROR;
				CLANG_WARN_QUOTED_INCLUDE_IN_FRAMEWORK_HEADER = YES;
				CLANG_WARN_RANGE_LOOP_ANALYSIS = YES;
				CLANG_WARN_STRICT_PROTOTYPES = YES;
				CLANG_WARN_SUSPICIOUS_MOVE = YES;
				CLANG_WARN_UNGUARDED_AVAILABILITY = YES_AGGRESSIVE;
				CLANG_WARN_UNREACHABLE_CODE = YES;
				CLANG_WARN__DUPLICATE_METHOD_MATCH = YES;
				COPY_PHASE_STRIP = NO;
				DEBUG_INFORMATION_FORMAT = dwarf;
				ENABLE_STRICT_OBJC_MSGSEND = YES;
				ENABLE_TESTABILITY = YES;
				GCC_C_LANGUAGE_STANDARD = gnu11;
				GCC_DYNAMIC_NO_PIC = NO;
				GCC_NO_COMMON_BLOCKS = YES;
				GCC_OPTIMIZATION_LEVEL = 0;
				GCC_PREPROCESSOR_DEFINITIONS = (
					"DEBUG=1",
					"$(inherited)",
				);
				GCC_WARN_64_TO_32_BIT_CONVERSION = YES;
				GCC_WARN_ABOUT_RETURN_TYPE = YES_ERROR;
				GCC_WARN_UNDECLARED_SELECTOR = YES;
				GCC_WARN_UNINITIALIZED_AUTOS = YES_AGGRESSIVE;
				GCC_WARN_UNUSED_FUNCTION = YES;
				GCC_WARN_UNUSED_VARIABLE = YES;
				IPHONEOS_DEPLOYMENT_TARGET = 16.4;
				MTL_ENABLE_DEBUG_INFO = INCLUDE_SOURCE;
				MTL_FAST_MATH = YES;
				ONLY_ACTIVE_ARCH = YES;
				SDKROOT = iphoneos;
				SWIFT_ACTIVE_COMPILATION_CONDITIONS = DEBUG;
				SWIFT_OPTIMIZATION_LEVEL = "-Onone";
			};
			name = Debug;
		};
		465E6ABF2A2D378C00116D47 /* Release */ = {
			isa = XCBuildConfiguration;
			buildSettings = {
				ALWAYS_SEARCH_USER_PATHS = NO;
				CLANG_ANALYZER_NONNULL = YES;
				CLANG_ANALYZER_NUMBER_OBJECT_CONVERSION = YES_AGGRESSIVE;
				CLANG_CXX_LANGUAGE_STANDARD = "gnu++20";
				CLANG_ENABLE_MODULES = YES;
				CLANG_ENABLE_OBJC_ARC = YES;
				CLANG_ENABLE_OBJC_WEAK = YES;
				CLANG_WARN_BLOCK_CAPTURE_AUTORELEASING = YES;
				CLANG_WARN_BOOL_CONVERSION = YES;
				CLANG_WARN_COMMA = YES;
				CLANG_WARN_CONSTANT_CONVERSION = YES;
				CLANG_WARN_DEPRECATED_OBJC_IMPLEMENTATIONS = YES;
				CLANG_WARN_DIRECT_OBJC_ISA_USAGE = YES_ERROR;
				CLANG_WARN_DOCUMENTATION_COMMENTS = YES;
				CLANG_WARN_EMPTY_BODY = YES;
				CLANG_WARN_ENUM_CONVERSION = YES;
				CLANG_WARN_INFINITE_RECURSION = YES;
				CLANG_WARN_INT_CONVERSION = YES;
				CLANG_WARN_NON_LITERAL_NULL_CONVERSION = YES;
				CLANG_WARN_OBJC_IMPLICIT_RETAIN_SELF = YES;
				CLANG_WARN_OBJC_LITERAL_CONVERSION = YES;
				CLANG_WARN_OBJC_ROOT_CLASS = YES_ERROR;
				CLANG_WARN_QUOTED_INCLUDE_IN_FRAMEWORK_HEADER = YES;
				CLANG_WARN_RANGE_LOOP_ANALYSIS = YES;
				CLANG_WARN_STRICT_PROTOTYPES = YES;
				CLANG_WARN_SUSPICIOUS_MOVE = YES;
				CLANG_WARN_UNGUARDED_AVAILABILITY = YES_AGGRESSIVE;
				CLANG_WARN_UNREACHABLE_CODE = YES;
				CLANG_WARN__DUPLICATE_METHOD_MATCH = YES;
				COPY_PHASE_STRIP = NO;
				DEBUG_INFORMATION_FORMAT = "dwarf-with-dsym";
				ENABLE_NS_ASSERTIONS = NO;
				ENABLE_STRICT_OBJC_MSGSEND = YES;
				GCC_C_LANGUAGE_STANDARD = gnu11;
				GCC_NO_COMMON_BLOCKS = YES;
				GCC_WARN_64_TO_32_BIT_CONVERSION = YES;
				GCC_WARN_ABOUT_RETURN_TYPE = YES_ERROR;
				GCC_WARN_UNDECLARED_SELECTOR = YES;
				GCC_WARN_UNINITIALIZED_AUTOS = YES_AGGRESSIVE;
				GCC_WARN_UNUSED_FUNCTION = YES;
				GCC_WARN_UNUSED_VARIABLE = YES;
				IPHONEOS_DEPLOYMENT_TARGET = 16.4;
				MTL_ENABLE_DEBUG_INFO = NO;
				MTL_FAST_MATH = YES;
				SDKROOT = iphoneos;
				SWIFT_COMPILATION_MODE = wholemodule;
				SWIFT_OPTIMIZATION_LEVEL = "-O";
				VALIDATE_PRODUCT = YES;
			};
			name = Release;
		};
		465E6AC12A2D378C00116D47 /* Debug */ = {
			isa = XCBuildConfiguration;
			buildSettings = {
				ASSETCATALOG_COMPILER_APPICON_NAME = AppIcon;
				ASSETCATALOG_COMPILER_GLOBAL_ACCENT_COLOR_NAME = AccentColor;
				CODE_SIGN_STYLE = Automatic;
				CURRENT_PROJECT_VERSION = 1;
				DEVELOPMENT_TEAM = 9NQQ3PAA4W;
				GENERATE_INFOPLIST_FILE = YES;
				INFOPLIST_FILE = LogInApp/App/Info.plist;
				INFOPLIST_KEY_UIApplicationSupportsIndirectInputEvents = YES;
				INFOPLIST_KEY_UILaunchStoryboardName = LaunchScreen;
				INFOPLIST_KEY_UIMainStoryboardFile = Main;
				INFOPLIST_KEY_UISupportedInterfaceOrientations = UIInterfaceOrientationPortrait;
				INFOPLIST_KEY_UISupportedInterfaceOrientations_iPad = "UIInterfaceOrientationLandscapeLeft UIInterfaceOrientationLandscapeRight UIInterfaceOrientationPortrait UIInterfaceOrientationPortraitUpsideDown";
				IPHONEOS_DEPLOYMENT_TARGET = 15.5;
				LD_RUNPATH_SEARCH_PATHS = (
					"$(inherited)",
					"@executable_path/Frameworks",
				);
				MARKETING_VERSION = 1.0;
				PRODUCT_BUNDLE_IDENTIFIER = com.Biibol.LogInApp;
				PRODUCT_NAME = "$(TARGET_NAME)";
				SUPPORTED_PLATFORMS = "iphoneos iphonesimulator";
				SUPPORTS_MACCATALYST = NO;
				SUPPORTS_MAC_DESIGNED_FOR_IPHONE_IPAD = NO;
				SWIFT_EMIT_LOC_STRINGS = YES;
				SWIFT_VERSION = 5.0;
				TARGETED_DEVICE_FAMILY = 1;
			};
			name = Debug;
		};
		465E6AC22A2D378C00116D47 /* Release */ = {
			isa = XCBuildConfiguration;
			buildSettings = {
				ASSETCATALOG_COMPILER_APPICON_NAME = AppIcon;
				ASSETCATALOG_COMPILER_GLOBAL_ACCENT_COLOR_NAME = AccentColor;
				CODE_SIGN_STYLE = Automatic;
				CURRENT_PROJECT_VERSION = 1;
				DEVELOPMENT_TEAM = 9NQQ3PAA4W;
				GENERATE_INFOPLIST_FILE = YES;
				INFOPLIST_FILE = LogInApp/App/Info.plist;
				INFOPLIST_KEY_UIApplicationSupportsIndirectInputEvents = YES;
				INFOPLIST_KEY_UILaunchStoryboardName = LaunchScreen;
				INFOPLIST_KEY_UIMainStoryboardFile = Main;
				INFOPLIST_KEY_UISupportedInterfaceOrientations = UIInterfaceOrientationPortrait;
				INFOPLIST_KEY_UISupportedInterfaceOrientations_iPad = "UIInterfaceOrientationLandscapeLeft UIInterfaceOrientationLandscapeRight UIInterfaceOrientationPortrait UIInterfaceOrientationPortraitUpsideDown";
				IPHONEOS_DEPLOYMENT_TARGET = 15.5;
				LD_RUNPATH_SEARCH_PATHS = (
					"$(inherited)",
					"@executable_path/Frameworks",
				);
				MARKETING_VERSION = 1.0;
				PRODUCT_BUNDLE_IDENTIFIER = com.Biibol.LogInApp;
				PRODUCT_NAME = "$(TARGET_NAME)";
				SUPPORTED_PLATFORMS = "iphoneos iphonesimulator";
				SUPPORTS_MACCATALYST = NO;
				SUPPORTS_MAC_DESIGNED_FOR_IPHONE_IPAD = NO;
				SWIFT_EMIT_LOC_STRINGS = YES;
				SWIFT_VERSION = 5.0;
				TARGETED_DEVICE_FAMILY = 1;
			};
			name = Release;
		};
/* End XCBuildConfiguration section */

/* Begin XCConfigurationList section */
		465E6AA72A2D378B00116D47 /* Build configuration list for PBXProject "LogInApp" */ = {
			isa = XCConfigurationList;
			buildConfigurations = (
				465E6ABE2A2D378C00116D47 /* Debug */,
				465E6ABF2A2D378C00116D47 /* Release */,
			);
			defaultConfigurationIsVisible = 0;
			defaultConfigurationName = Release;
		};
		465E6AC02A2D378C00116D47 /* Build configuration list for PBXNativeTarget "LogInApp" */ = {
			isa = XCConfigurationList;
			buildConfigurations = (
				465E6AC12A2D378C00116D47 /* Debug */,
				465E6AC22A2D378C00116D47 /* Release */,
			);
			defaultConfigurationIsVisible = 0;
			defaultConfigurationName = Release;
		};
/* End XCConfigurationList section */
	};
	rootObject = 465E6AA42A2D378B00116D47 /* Project object */;
}
